
Microsoft Visual Studio Solution File, Format Version 12.00
# Visual Studio Version 17
VisualStudioVersion = 17.0.31903.59
MinimumVisualStudioVersion = 10.0.40219.1
Project("{2150E333-8FDC-42A3-9474-1A3956D46DE8}") = "src", "src", "{6F3BAB77-581A-428F-A275-9B0A48CE3A5B}"
EndProject
Project("{9A19103F-16F7-4668-BE54-9A1E7A4F7556}") = "shared", "src\shared\shared.csproj", "{949DDCEB-FCAF-4E38-B483-9380807525BA}"
EndProject
Project("{9A19103F-16F7-4668-BE54-9A1E7A4F7556}") = "webapi", "src\webapi\webapi.csproj", "{47348223-145E-4764-A293-78038F26C275}"
EndProject
Project("{FAE04EC0-301F-11D3-BF4B-00C04F79EFBC}") = "WebApp", "WebApp\WebApp.csproj", "{C57AD03F-7469-459E-928D-D6F4238A51DB}"
EndProject
Global
	GlobalSection(SolutionConfigurationPlatforms) = preSolution
		Debug|Any CPU = Debug|Any CPU
		Release|Any CPU = Release|Any CPU
	EndGlobalSection
	GlobalSection(ProjectConfigurationPlatforms) = postSolution
		{949DDCEB-FCAF-4E38-B483-9380807525BA}.Debug|Any CPU.ActiveCfg = Debug|Any CPU
		{949DDCEB-FCAF-4E38-B483-9380807525BA}.Debug|Any CPU.Build.0 = Debug|Any CPU
		{949DDCEB-FCAF-4E38-B483-9380807525BA}.Release|Any CPU.ActiveCfg = Release|Any CPU
		{949DDCEB-FCAF-4E38-B483-9380807525BA}.Release|Any CPU.Build.0 = Release|Any CPU
		{47348223-145E-4764-A293-78038F26C275}.Debug|Any CPU.ActiveCfg = Debug|Any CPU
		{47348223-145E-4764-A293-78038F26C275}.Debug|Any CPU.Build.0 = Debug|Any CPU
		{47348223-145E-4764-A293-78038F26C275}.Release|Any CPU.ActiveCfg = Release|Any CPU
		{47348223-145E-4764-A293-78038F26C275}.Release|Any CPU.Build.0 = Release|Any CPU
		{C57AD03F-7469-459E-928D-D6F4238A51DB}.Debug|Any CPU.ActiveCfg = Debug|Any CPU
		{C57AD03F-7469-459E-928D-D6F4238A51DB}.Debug|Any CPU.Build.0 = Debug|Any CPU
		{C57AD03F-7469-459E-928D-D6F4238A51DB}.Release|Any CPU.ActiveCfg = Release|Any CPU
		{C57AD03F-7469-459E-928D-D6F4238A51DB}.Release|Any CPU.Build.0 = Release|Any CPU
	EndGlobalSection
	GlobalSection(SolutionProperties) = preSolution
		HideSolutionNode = FALSE
	EndGlobalSection
	GlobalSection(NestedProjects) = preSolution
		{949DDCEB-FCAF-4E38-B483-9380807525BA} = {6F3BAB77-581A-428F-A275-9B0A48CE3A5B}
		{47348223-145E-4764-A293-78038F26C275} = {6F3BAB77-581A-428F-A275-9B0A48CE3A5B}
		{C57AD03F-7469-459E-928D-D6F4238A51DB} = {6F3BAB77-581A-428F-A275-9B0A48CE3A5B}
	EndGlobalSection
	GlobalSection(ExtensibilityGlobals) = postSolution
		SolutionGuid = {BE9242A4-9807-4A1C-BE89-D0D966451A44}
	EndGlobalSection
EndGlobal
